// !$*UTF8*$!
{
	archiveVersion = 1;
	classes = {
	};
	objectVersion = 56;
	objects = {

/* Begin PBXBuildFile section */
		6F0B9AA928F11525003E1B2A /* TextView.swift in Sources */ = {isa = PBXBuildFile; fileRef = 6F0B9AA828F11525003E1B2A /* TextView.swift */; };
		6F0B9AAE28F11630003E1B2A /* AddTodoView.swift in Sources */ = {isa = PBXBuildFile; fileRef = 6F0B9AAD28F11630003E1B2A /* AddTodoView.swift */; };
		6F7B809028F12477006A292B /* TodoDetailView.swift in Sources */ = {isa = PBXBuildFile; fileRef = 6F7B808F28F12477006A292B /* TodoDetailView.swift */; };
		6F7B809228F148B3006A292B /* TodoListViewModel.swift in Sources */ = {isa = PBXBuildFile; fileRef = 6F7B809128F148B3006A292B /* TodoListViewModel.swift */; };
		6FBB79EF28ECFF7500A58BCF /* TodoAppApp.swift in Sources */ = {isa = PBXBuildFile; fileRef = 6FBB79EE28ECFF7500A58BCF /* TodoAppApp.swift */; };
		6FBB79F328ECFF7700A58BCF /* Assets.xcassets in Resources */ = {isa = PBXBuildFile; fileRef = 6FBB79F228ECFF7700A58BCF /* Assets.xcassets */; };
		6FBB79F628ECFF7700A58BCF /* Preview Assets.xcassets in Resources */ = {isa = PBXBuildFile; fileRef = 6FBB79F528ECFF7700A58BCF /* Preview Assets.xcassets */; };
		6FE461A828F0040D008BCC76 /* TodoListView.swift in Sources */ = {isa = PBXBuildFile; fileRef = 6FE461A728F0040D008BCC76 /* TodoListView.swift */; };
		6FE461AE28F0046C008BCC76 /* TodoCell.swift in Sources */ = {isa = PBXBuildFile; fileRef = 6FE461AD28F0046C008BCC76 /* TodoCell.swift */; };
		6FE461B228F005B8008BCC76 /* Todo.swift in Sources */ = {isa = PBXBuildFile; fileRef = 6FE461B128F005B8008BCC76 /* Todo.swift */; };
/* End PBXBuildFile section */

/* Begin PBXFileReference section */
		6F0B9AA828F11525003E1B2A /* TextView.swift */ = {isa = PBXFileReference; lastKnownFileType = sourcecode.swift; path = TextView.swift; sourceTree = "<group>"; };
		6F0B9AAD28F11630003E1B2A /* AddTodoView.swift */ = {isa = PBXFileReference; lastKnownFileType = sourcecode.swift; path = AddTodoView.swift; sourceTree = "<group>"; };
		6F7B808F28F12477006A292B /* TodoDetailView.swift */ = {isa = PBXFileReference; lastKnownFileType = sourcecode.swift; path = TodoDetailView.swift; sourceTree = "<group>"; };
		6F7B809128F148B3006A292B /* TodoListViewModel.swift */ = {isa = PBXFileReference; lastKnownFileType = sourcecode.swift; path = TodoListViewModel.swift; sourceTree = "<group>"; };
		6FBB79EB28ECFF7500A58BCF /* TodoApp.app */ = {isa = PBXFileReference; explicitFileType = wrapper.application; includeInIndex = 0; path = TodoApp.app; sourceTree = BUILT_PRODUCTS_DIR; };
		6FBB79EE28ECFF7500A58BCF /* TodoAppApp.swift */ = {isa = PBXFileReference; lastKnownFileType = sourcecode.swift; path = TodoAppApp.swift; sourceTree = "<group>"; };
		6FBB79F228ECFF7700A58BCF /* Assets.xcassets */ = {isa = PBXFileReference; lastKnownFileType = folder.assetcatalog; path = Assets.xcassets; sourceTree = "<group>"; };
		6FBB79F528ECFF7700A58BCF /* Preview Assets.xcassets */ = {isa = PBXFileReference; lastKnownFileType = folder.assetcatalog; path = "Preview Assets.xcassets"; sourceTree = "<group>"; };
		6FE461A728F0040D008BCC76 /* TodoListView.swift */ = {isa = PBXFileReference; lastKnownFileType = sourcecode.swift; path = TodoListView.swift; sourceTree = "<group>"; };
		6FE461AD28F0046C008BCC76 /* TodoCell.swift */ = {isa = PBXFileReference; lastKnownFileType = sourcecode.swift; path = TodoCell.swift; sourceTree = "<group>"; };
		6FE461B128F005B8008BCC76 /* Todo.swift */ = {isa = PBXFileReference; lastKnownFileType = sourcecode.swift; path = Todo.swift; sourceTree = "<group>"; };
/* End PBXFileReference section */

/* Begin PBXFrameworksBuildPhase section */
		6FBB79E828ECFF7500A58BCF /* Frameworks */ = {
			isa = PBXFrameworksBuildPhase;
			buildActionMask = 2147483647;
			files = (
			);
			runOnlyForDeploymentPostprocessing = 0;
		};
/* End PBXFrameworksBuildPhase section */

/* Begin PBXGroup section */
		6F0B9AAA28F115FA003E1B2A /* TodoListView */ = {
			isa = PBXGroup;
			children = (
				6FE461A728F0040D008BCC76 /* TodoListView.swift */,
				6F7B809128F148B3006A292B /* TodoListViewModel.swift */,
			);
			path = TodoListView;
			sourceTree = "<group>";
		};
		6F0B9AAB28F11612003E1B2A /* AddTodoView */ = {
			isa = PBXGroup;
			children = (
				6F0B9AAD28F11630003E1B2A /* AddTodoView.swift */,
			);
			path = AddTodoView;
			sourceTree = "<group>";
		};
		6F7B808E28F12451006A292B /* TodoDetailView */ = {
			isa = PBXGroup;
			children = (
				6F7B808F28F12477006A292B /* TodoDetailView.swift */,
			);
			path = TodoDetailView;
			sourceTree = "<group>";
		};
		6FBB79E228ECFF7500A58BCF = {
			isa = PBXGroup;
			children = (
				6FBB79ED28ECFF7500A58BCF /* TodoApp */,
				6FBB79EC28ECFF7500A58BCF /* Products */,
			);
			sourceTree = "<group>";
		};
		6FBB79EC28ECFF7500A58BCF /* Products */ = {
			isa = PBXGroup;
			children = (
				6FBB79EB28ECFF7500A58BCF /* TodoApp.app */,
			);
			name = Products;
			sourceTree = "<group>";
		};
		6FBB79ED28ECFF7500A58BCF /* TodoApp */ = {
			isa = PBXGroup;
			children = (
				6FE461AA28F0042C008BCC76 /* View */,
				6FE461A928F00424008BCC76 /* Model */,
				6FE461AB28F00430008BCC76 /* Screens */,
				6FBB79EE28ECFF7500A58BCF /* TodoAppApp.swift */,
				6FBB79F228ECFF7700A58BCF /* Assets.xcassets */,
				6FBB79F428ECFF7700A58BCF /* Preview Content */,
			);
			path = TodoApp;
			sourceTree = "<group>";
		};
		6FBB79F428ECFF7700A58BCF /* Preview Content */ = {
			isa = PBXGroup;
			children = (
				6FBB79F528ECFF7700A58BCF /* Preview Assets.xcassets */,
			);
			path = "Preview Content";
			sourceTree = "<group>";
		};
		6FE461A928F00424008BCC76 /* Model */ = {
			isa = PBXGroup;
			children = (
				6FE461B128F005B8008BCC76 /* Todo.swift */,
			);
			path = Model;
			sourceTree = "<group>";
		};
		6FE461AA28F0042C008BCC76 /* View */ = {
			isa = PBXGroup;
			children = (
				6FE461AC28F0045E008BCC76 /* Custom Views */,
			);
			path = View;
			sourceTree = "<group>";
		};
		6FE461AB28F00430008BCC76 /* Screens */ = {
			isa = PBXGroup;
			children = (
				6F0B9AAA28F115FA003E1B2A /* TodoListView */,
				6F0B9AAB28F11612003E1B2A /* AddTodoView */,
				6F7B808E28F12451006A292B /* TodoDetailView */,
			);
			path = Screens;
			sourceTree = "<group>";
		};
		6FE461AC28F0045E008BCC76 /* Custom Views */ = {
			isa = PBXGroup;
			children = (
				6FE461AD28F0046C008BCC76 /* TodoCell.swift */,
				6F0B9AA828F11525003E1B2A /* TextView.swift */,
			);
			path = "Custom Views";
			sourceTree = "<group>";
		};
/* End PBXGroup section */

/* Begin PBXNativeTarget section */
		6FBB79EA28ECFF7500A58BCF /* TodoApp */ = {
			isa = PBXNativeTarget;
			buildConfigurationList = 6FBB79F928ECFF7700A58BCF /* Build configuration list for PBXNativeTarget "TodoApp" */;
			buildPhases = (
				6FBB79E728ECFF7500A58BCF /* Sources */,
				6FBB79E828ECFF7500A58BCF /* Frameworks */,
				6FBB79E928ECFF7500A58BCF /* Resources */,
			);
			buildRules = (
			);
			dependencies = (
			);
			name = TodoApp;
			productName = TodoApp;
			productReference = 6FBB79EB28ECFF7500A58BCF /* TodoApp.app */;
			productType = "com.apple.product-type.application";
		};
/* End PBXNativeTarget section */

/* Begin PBXProject section */
		6FBB79E328ECFF7500A58BCF /* Project object */ = {
			isa = PBXProject;
			attributes = {
				BuildIndependentTargetsInParallel = 1;
				LastSwiftUpdateCheck = 1400;
				LastUpgradeCheck = 1400;
				TargetAttributes = {
					6FBB79EA28ECFF7500A58BCF = {
						CreatedOnToolsVersion = 14.0.1;
					};
				};
			};
			buildConfigurationList = 6FBB79E628ECFF7500A58BCF /* Build configuration list for PBXProject "TodoApp" */;
			compatibilityVersion = "Xcode 14.0";
			developmentRegion = en;
			hasScannedForEncodings = 0;
			knownRegions = (
				en,
				Base,
			);
			mainGroup = 6FBB79E228ECFF7500A58BCF;
			productRefGroup = 6FBB79EC28ECFF7500A58BCF /* Products */;
			projectDirPath = "";
			projectRoot = "";
			targets = (
				6FBB79EA28ECFF7500A58BCF /* TodoApp */,
			);
		};
/* End PBXProject section */

/* Begin PBXResourcesBuildPhase section */
		6FBB79E928ECFF7500A58BCF /* Resources */ = {
			isa = PBXResourcesBuildPhase;
			buildActionMask = 2147483647;
			files = (
				6FBB79F628ECFF7700A58BCF /* Preview Assets.xcassets in Resources */,
				6FBB79F328ECFF7700A58BCF /* Assets.xcassets in Resources */,
			);
			runOnlyForDeploymentPostprocessing = 0;
		};
/* End PBXResourcesBuildPhase section */

/* Begin PBXSourcesBuildPhase section */
		6FBB79E728ECFF7500A58BCF /* Sources */ = {
			isa = PBXSourcesBuildPhase;
			buildActionMask = 2147483647;
			files = (
				6F7B809228F148B3006A292B /* TodoListViewModel.swift in Sources */,
				6FE461A828F0040D008BCC76 /* TodoListView.swift in Sources */,
				6FE461AE28F0046C008BCC76 /* TodoCell.swift in Sources */,
				6F0B9AAE28F11630003E1B2A /* AddTodoView.swift in Sources */,
				6FBB79EF28ECFF7500A58BCF /* TodoAppApp.swift in Sources */,
				6F7B809028F12477006A292B /* TodoDetailView.swift in Sources */,
				6FE461B228F005B8008BCC76 /* Todo.swift in Sources */,
				6F0B9AA928F11525003E1B2A /* TextView.swift in Sources */,
			);
			runOnlyForDeploymentPostprocessing = 0;
		};
/* End PBXSourcesBuildPhase section */

/* Begin XCBuildConfiguration section */
		6FBB79F728ECFF7700A58BCF /* Debug */ = {
			isa = XCBuildConfiguration;
			buildSettings = {
				ALWAYS_SEARCH_USER_PATHS = NO;
				CLANG_ANALYZER_NONNULL = YES;
				CLANG_ANALYZER_NUMBER_OBJECT_CONVERSION = YES_AGGRESSIVE;
				CLANG_CXX_LANGUAGE_STANDARD = "gnu++20";
				CLANG_ENABLE_MODULES = YES;
				CLANG_ENABLE_OBJC_ARC = YES;
				CLANG_ENABLE_OBJC_WEAK = YES;
				CLANG_WARN_BLOCK_CAPTURE_AUTORELEASING = YES;
				CLANG_WARN_BOOL_CONVERSION = YES;
				CLANG_WARN_COMMA = YES;
				CLANG_WARN_CONSTANT_CONVERSION = YES;
				CLANG_WARN_DEPRECATED_OBJC_IMPLEMENTATIONS = YES;
				CLANG_WARN_DIRECT_OBJC_ISA_USAGE = YES_ERROR;
				CLANG_WARN_DOCUMENTATION_COMMENTS = YES;
				CLANG_WARN_EMPTY_BODY = YES;
				CLANG_WARN_ENUM_CONVERSION = YES;
				CLANG_WARN_INFINITE_RECURSION = YES;
				CLANG_WARN_INT_CONVERSION = YES;
				CLANG_WARN_NON_LITERAL_NULL_CONVERSION = YES;
				CLANG_WARN_OBJC_IMPLICIT_RETAIN_SELF = YES;
				CLANG_WARN_OBJC_LITERAL_CONVERSION = YES;
				CLANG_WARN_OBJC_ROOT_CLASS = YES_ERROR;
				CLANG_WARN_QUOTED_INCLUDE_IN_FRAMEWORK_HEADER = YES;
				CLANG_WARN_RANGE_LOOP_ANALYSIS = YES;
				CLANG_WARN_STRICT_PROTOTYPES = YES;
				CLANG_WARN_SUSPICIOUS_MOVE = YES;
				CLANG_WARN_UNGUARDED_AVAILABILITY = YES_AGGRESSIVE;
				CLANG_WARN_UNREACHABLE_CODE = YES;
				CLANG_WARN__DUPLICATE_METHOD_MATCH = YES;
				COPY_PHASE_STRIP = NO;
				DEBUG_INFORMATION_FORMAT = dwarf;
				ENABLE_STRICT_OBJC_MSGSEND = YES;
				ENABLE_TESTABILITY = YES;
				GCC_C_LANGUAGE_STANDARD = gnu11;
				GCC_DYNAMIC_NO_PIC = NO;
				GCC_NO_COMMON_BLOCKS = YES;
				GCC_OPTIMIZATION_LEVEL = 0;
				GCC_PREPROCESSOR_DEFINITIONS = (
					"DEBUG=1",
					"$(inherited)",
				);
				GCC_WARN_64_TO_32_BIT_CONVERSION = YES;
				GCC_WARN_ABOUT_RETURN_TYPE = YES_ERROR;
				GCC_WARN_UNDECLARED_SELECTOR = YES;
				GCC_WARN_UNINITIALIZED_AUTOS = YES_AGGRESSIVE;
				GCC_WARN_UNUSED_FUNCTION = YES;
				GCC_WARN_UNUSED_VARIABLE = YES;
				IPHONEOS_DEPLOYMENT_TARGET = 16.0;
				MTL_ENABLE_DEBUG_INFO = INCLUDE_SOURCE;
				MTL_FAST_MATH = YES;
				ONLY_ACTIVE_ARCH = YES;
				SDKROOT = iphoneos;
				SWIFT_ACTIVE_COMPILATION_CONDITIONS = DEBUG;
				SWIFT_OPTIMIZATION_LEVEL = "-Onone";
			};
			name = Debug;
		};
		6FBB79F828ECFF7700A58BCF /* Release */ = {
			isa = XCBuildConfiguration;
			buildSettings = {
				ALWAYS_SEARCH_USER_PATHS = NO;
				CLANG_ANALYZER_NONNULL = YES;
				CLANG_ANALYZER_NUMBER_OBJECT_CONVERSION = YES_AGGRESSIVE;
				CLANG_CXX_LANGUAGE_STANDARD = "gnu++20";
				CLANG_ENABLE_MODULES = YES;
				CLANG_ENABLE_OBJC_ARC = YES;
				CLANG_ENABLE_OBJC_WEAK = YES;
				CLANG_WARN_BLOCK_CAPTURE_AUTORELEASING = YES;
				CLANG_WARN_BOOL_CONVERSION = YES;
				CLANG_WARN_COMMA = YES;
				CLANG_WARN_CONSTANT_CONVERSION = YES;
				CLANG_WARN_DEPRECATED_OBJC_IMPLEMENTATIONS = YES;
				CLANG_WARN_DIRECT_OBJC_ISA_USAGE = YES_ERROR;
				CLANG_WARN_DOCUMENTATION_COMMENTS = YES;
				CLANG_WARN_EMPTY_BODY = YES;
				CLANG_WARN_ENUM_CONVERSION = YES;
				CLANG_WARN_INFINITE_RECURSION = YES;
				CLANG_WARN_INT_CONVERSION = YES;
				CLANG_WARN_NON_LITERAL_NULL_CONVERSION = YES;
				CLANG_WARN_OBJC_IMPLICIT_RETAIN_SELF = YES;
				CLANG_WARN_OBJC_LITERAL_CONVERSION = YES;
				CLANG_WARN_OBJC_ROOT_CLASS = YES_ERROR;
				CLANG_WARN_QUOTED_INCLUDE_IN_FRAMEWORK_HEADER = YES;
				CLANG_WARN_RANGE_LOOP_ANALYSIS = YES;
				CLANG_WARN_STRICT_PROTOTYPES = YES;
				CLANG_WARN_SUSPICIOUS_MOVE = YES;
				CLANG_WARN_UNGUARDED_AVAILABILITY = YES_AGGRESSIVE;
				CLANG_WARN_UNREACHABLE_CODE = YES;
				CLANG_WARN__DUPLICATE_METHOD_MATCH = YES;
				COPY_PHASE_STRIP = NO;
				DEBUG_INFORMATION_FORMAT = "dwarf-with-dsym";
				ENABLE_NS_ASSERTIONS = NO;
				ENABLE_STRICT_OBJC_MSGSEND = YES;
				GCC_C_LANGUAGE_STANDARD = gnu11;
				GCC_NO_COMMON_BLOCKS = YES;
				GCC_WARN_64_TO_32_BIT_CONVERSION = YES;
				GCC_WARN_ABOUT_RETURN_TYPE = YES_ERROR;
				GCC_WARN_UNDECLARED_SELECTOR = YES;
				GCC_WARN_UNINITIALIZED_AUTOS = YES_AGGRESSIVE;
				GCC_WARN_UNUSED_FUNCTION = YES;
				GCC_WARN_UNUSED_VARIABLE = YES;
				IPHONEOS_DEPLOYMENT_TARGET = 16.0;
				MTL_ENABLE_DEBUG_INFO = NO;
				MTL_FAST_MATH = YES;
				SDKROOT = iphoneos;
				SWIFT_COMPILATION_MODE = wholemodule;
				SWIFT_OPTIMIZATION_LEVEL = "-O";
				VALIDATE_PRODUCT = YES;
			};
			name = Release;
		};
		6FBB79FA28ECFF7700A58BCF /* Debug */ = {
			isa = XCBuildConfiguration;
			buildSettings = {
				ASSETCATALOG_COMPILER_APPICON_NAME = AppIcon;
				ASSETCATALOG_COMPILER_GLOBAL_ACCENT_COLOR_NAME = AccentColor;
				CODE_SIGN_STYLE = Automatic;
				CURRENT_PROJECT_VERSION = 1;
				DEVELOPMENT_ASSET_PATHS = "\"TodoApp/Preview Content\"";
				DEVELOPMENT_TEAM = R5VV3L44SL;
				ENABLE_PREVIEWS = YES;
				GENERATE_INFOPLIST_FILE = YES;
				INFOPLIST_KEY_UIApplicationSceneManifest_Generation = YES;
				INFOPLIST_KEY_UIApplicationSupportsIndirectInputEvents = YES;
				INFOPLIST_KEY_UILaunchScreen_Generation = YES;
				INFOPLIST_KEY_UISupportedInterfaceOrientations_iPad = "UIInterfaceOrientationPortrait UIInterfaceOrientationPortraitUpsideDown UIInterfaceOrientationLandscapeLeft UIInterfaceOrientationLandscapeRight";
				INFOPLIST_KEY_UISupportedInterfaceOrientations_iPhone = "UIInterfaceOrientationPortrait UIInterfaceOrientationLandscapeLeft UIInterfaceOrientationLandscapeRight";
				LD_RUNPATH_SEARCH_PATHS = (
					"$(inherited)",
					"@executable_path/Frameworks",
				);
				MARKETING_VERSION = 1.0;
				PRODUCT_BUNDLE_IDENTIFIER = "com.TodoApp-Mondale";
				PRODUCT_NAME = "$(TARGET_NAME)";
				SWIFT_EMIT_LOC_STRINGS = YES;
				SWIFT_VERSION = 5.0;
				TARGETED_DEVICE_FAMILY = "1,2";
			};
			name = Debug;
		};
		6FBB79FB28ECFF7700A58BCF /* Release */ = {
			isa = XCBuildConfiguration;
			buildSettings = {
				ASSETCATALOG_COMPILER_APPICON_NAME = AppIcon;
				ASSETCATALOG_COMPILER_GLOBAL_ACCENT_COLOR_NAME = AccentColor;
				CODE_SIGN_STYLE = Automatic;
				CURRENT_PROJECT_VERSION = 1;
				DEVELOPMENT_ASSET_PATHS = "\"TodoApp/Preview Content\"";
				DEVELOPMENT_TEAM = R5VV3L44SL;
				ENABLE_PREVIEWS = YES;
				GENERATE_INFOPLIST_FILE = YES;
				INFOPLIST_KEY_UIApplicationSceneManifest_Generation = YES;
				INFOPLIST_KEY_UIApplicationSupportsIndirectInputEvents = YES;
				INFOPLIST_KEY_UILaunchScreen_Generation = YES;
				INFOPLIST_KEY_UISupportedInterfaceOrientations_iPad = "UIInterfaceOrientationPortrait UIInterfaceOrientationPortraitUpsideDown UIInterfaceOrientationLandscapeLeft UIInterfaceOrientationLandscapeRight";
				INFOPLIST_KEY_UISupportedInterfaceOrientations_iPhone = "UIInterfaceOrientationPortrait UIInterfaceOrientationLandscapeLeft UIInterfaceOrientationLandscapeRight";
				LD_RUNPATH_SEARCH_PATHS = (
					"$(inherited)",
					"@executable_path/Frameworks",
				);
				MARKETING_VERSION = 1.0;
				PRODUCT_BUNDLE_IDENTIFIER = "com.TodoApp-Mondale";
				PRODUCT_NAME = "$(TARGET_NAME)";
				SWIFT_EMIT_LOC_STRINGS = YES;
				SWIFT_VERSION = 5.0;
				TARGETED_DEVICE_FAMILY = "1,2";
			};
			name = Release;
		};
/* End XCBuildConfiguration section */

/* Begin XCConfigurationList section */
		6FBB79E628ECFF7500A58BCF /* Build configuration list for PBXProject "TodoApp" */ = {
			isa = XCConfigurationList;
			buildConfigurations = (
				6FBB79F728ECFF7700A58BCF /* Debug */,
				6FBB79F828ECFF7700A58BCF /* Release */,
			);
			defaultConfigurationIsVisible = 0;
			defaultConfigurationName = Release;
		};
		6FBB79F928ECFF7700A58BCF /* Build configuration list for PBXNativeTarget "TodoApp" */ = {
			isa = XCConfigurationList;
			buildConfigurations = (
				6FBB79FA28ECFF7700A58BCF /* Debug */,
				6FBB79FB28ECFF7700A58BCF /* Release */,
			);
			defaultConfigurationIsVisible = 0;
			defaultConfigurationName = Release;
		};
/* End XCConfigurationList section */
	};
	rootObject = 6FBB79E328ECFF7500A58BCF /* Project object */;
}
